
Microsoft Visual Studio Solution File, Format Version 12.00
# Visual Studio Version 17
VisualStudioVersion = 17.11.35219.272
MinimumVisualStudioVersion = 10.0.40219.1
Project("{FAE04EC0-301F-11D3-BF4B-00C04F79EFBC}") = "algorithm_practise", "algorithm_practise\algorithm_practise.csproj", "{CF1253D7-B94E-466D-B30E-E4608B900FA0}"
EndProject
Project("{FAE04EC0-301F-11D3-BF4B-00C04F79EFBC}") = "search_algo_linear_search", "search_algo_linear_search\search_algo_linear_search.csproj", "{7C822154-BE38-47CA-A2D7-05DE5ED7BB74}"
EndProject
Global
	GlobalSection(SolutionConfigurationPlatforms) = preSolution
		Debug|Any CPU = Debug|Any CPU
		Release|Any CPU = Release|Any CPU
	EndGlobalSection
	GlobalSection(ProjectConfigurationPlatforms) = postSolution
		{CF1253D7-B94E-466D-B30E-E4608B900FA0}.Debug|Any CPU.ActiveCfg = Debug|Any CPU
		{CF1253D7-B94E-466D-B30E-E4608B900FA0}.Debug|Any CPU.Build.0 = Debug|Any CPU
		{CF1253D7-B94E-466D-B30E-E4608B900FA0}.Release|Any CPU.ActiveCfg = Release|Any CPU
		{CF1253D7-B94E-466D-B30E-E4608B900FA0}.Release|Any CPU.Build.0 = Release|Any CPU
		{7C822154-BE38-47CA-A2D7-05DE5ED7BB74}.Debug|Any CPU.ActiveCfg = Debug|Any CPU
		{7C822154-BE38-47CA-A2D7-05DE5ED7BB74}.Debug|Any CPU.Build.0 = Debug|Any CPU
		{7C822154-BE38-47CA-A2D7-05DE5ED7BB74}.Release|Any CPU.ActiveCfg = Release|Any CPU
		{7C822154-BE38-47CA-A2D7-05DE5ED7BB74}.Release|Any CPU.Build.0 = Release|Any CPU
	EndGlobalSection
	GlobalSection(SolutionProperties) = preSolution
		HideSolutionNode = FALSE
	EndGlobalSection
	GlobalSection(ExtensibilityGlobals) = postSolution
		SolutionGuid = {616B7D88-C1DD-4E31-8B48-BA6EEDF955D3}
	EndGlobalSection
EndGlobal
